
Microsoft Visual Studio Solution File, Format Version 12.00
# Visual Studio Version 16
VisualStudioVersion = 16.0.29905.134
MinimumVisualStudioVersion = 10.0.40219.1
Project("{FAE04EC0-301F-11D3-BF4B-00C04F79EFBC}") = "Service", "Service\Service.csproj", "{25760FCD-69AE-4687-BFE8-C6B7CF2906CA}"
EndProject
Project("{FAE04EC0-301F-11D3-BF4B-00C04F79EFBC}") = "Host", "Host\Host.csproj", "{86D0D172-127E-460C-949E-D5C52A2B0238}"
EndProject
Global
	GlobalSection(SolutionConfigurationPlatforms) = preSolution
		Debug|Any CPU = Debug|Any CPU
		Release|Any CPU = Release|Any CPU
	EndGlobalSection
	GlobalSection(ProjectConfigurationPlatforms) = postSolution
		{25760FCD-69AE-4687-BFE8-C6B7CF2906CA}.Debug|Any CPU.ActiveCfg = Debug|Any CPU
		{25760FCD-69AE-4687-BFE8-C6B7CF2906CA}.Debug|Any CPU.Build.0 = Debug|Any CPU
		{25760FCD-69AE-4687-BFE8-C6B7CF2906CA}.Release|Any CPU.ActiveCfg = Release|Any CPU
		{25760FCD-69AE-4687-BFE8-C6B7CF2906CA}.Release|Any CPU.Build.0 = Release|Any CPU
		{86D0D172-127E-460C-949E-D5C52A2B0238}.Debug|Any CPU.ActiveCfg = Debug|Any CPU
		{86D0D172-127E-460C-949E-D5C52A2B0238}.Debug|Any CPU.Build.0 = Debug|Any CPU
		{86D0D172-127E-460C-949E-D5C52A2B0238}.Release|Any CPU.ActiveCfg = Release|Any CPU
		{86D0D172-127E-460C-949E-D5C52A2B0238}.Release|Any CPU.Build.0 = Release|Any CPU
	EndGlobalSection
	GlobalSection(SolutionProperties) = preSolution
		HideSolutionNode = FALSE
	EndGlobalSection
	GlobalSection(ExtensibilityGlobals) = postSolution
		SolutionGuid = {19F69EB8-7829-421F-9D0A-172496635A63}
	EndGlobalSection
EndGlobal
