
Microsoft Visual Studio Solution File, Format Version 12.00
# Visual Studio Version 16
VisualStudioVersion = 16.0.29905.134
MinimumVisualStudioVersion = 10.0.40219.1
Project("{FAE04EC0-301F-11D3-BF4B-00C04F79EFBC}") = "Host", "Host\Host.csproj", "{86D0D172-127E-460C-949E-D5C52A2B0238}"
EndProject
Project("{FAE04EC0-301F-11D3-BF4B-00C04F79EFBC}") = "Service", "Service\Service.csproj", "{82F18B31-4680-4B68-993E-680C4BF9D156}"
EndProject
Project("{FAE04EC0-301F-11D3-BF4B-00C04F79EFBC}") = "ServerTest", "ServerTest\ServerTest.csproj", "{A526CC43-51EA-443D-9709-1990C2F90996}"
EndProject
Global
	GlobalSection(SolutionConfigurationPlatforms) = preSolution
		Debug|Any CPU = Debug|Any CPU
		Release|Any CPU = Release|Any CPU
	EndGlobalSection
	GlobalSection(ProjectConfigurationPlatforms) = postSolution
		{86D0D172-127E-460C-949E-D5C52A2B0238}.Debug|Any CPU.ActiveCfg = Debug|Any CPU
		{86D0D172-127E-460C-949E-D5C52A2B0238}.Debug|Any CPU.Build.0 = Debug|Any CPU
		{86D0D172-127E-460C-949E-D5C52A2B0238}.Release|Any CPU.ActiveCfg = Release|Any CPU
		{86D0D172-127E-460C-949E-D5C52A2B0238}.Release|Any CPU.Build.0 = Release|Any CPU
		{82F18B31-4680-4B68-993E-680C4BF9D156}.Debug|Any CPU.ActiveCfg = Debug|Any CPU
		{82F18B31-4680-4B68-993E-680C4BF9D156}.Debug|Any CPU.Build.0 = Debug|Any CPU
		{82F18B31-4680-4B68-993E-680C4BF9D156}.Release|Any CPU.ActiveCfg = Release|Any CPU
		{82F18B31-4680-4B68-993E-680C4BF9D156}.Release|Any CPU.Build.0 = Release|Any CPU
		{A526CC43-51EA-443D-9709-1990C2F90996}.Debug|Any CPU.ActiveCfg = Debug|Any CPU
		{A526CC43-51EA-443D-9709-1990C2F90996}.Debug|Any CPU.Build.0 = Debug|Any CPU
		{A526CC43-51EA-443D-9709-1990C2F90996}.Release|Any CPU.ActiveCfg = Release|Any CPU
		{A526CC43-51EA-443D-9709-1990C2F90996}.Release|Any CPU.Build.0 = Release|Any CPU
	EndGlobalSection
	GlobalSection(SolutionProperties) = preSolution
		HideSolutionNode = FALSE
	EndGlobalSection
	GlobalSection(ExtensibilityGlobals) = postSolution
		SolutionGuid = {19F69EB8-7829-421F-9D0A-172496635A63}
	EndGlobalSection
EndGlobal
